# This file is autogenerated, do not edit; changes may be undone by the next 'dep ensure'.


[[projects]]
  name = "github.com/davecgh/go-spew"
  packages = ["spew"]
  revision = "346938d642f2ec3594ed81d874461961cd0faa76"
  version = "v1.1.0"

[[projects]]
  name = "github.com/pkg/errors"
  packages = ["."]
  revision = "645ef00459ed84a119197bfb8d8205042c6df63d"
  version = "v0.8.0"

[[projects]]
  name = "github.com/pmezard/go-difflib"
  packages = ["difflib"]
  revision = "792786c7400a136282c1664665ae0a8db921c6c2"
  version = "v1.0.0"

[[projects]]
  name = "github.com/stretchr/testify"
  packages = ["assert"]
  revision = "f35b8ab0b5a2cef36673838d662e249dd9c94686"
  version = "v1.2.2"

[[projects]]
  branch = "master"
  name = "github.com/yutopp/go-amf0"
  packages = ["."]
  revision = "17cedd46b508c2a54f8e1c06b106fd44c8b5d5ee"

[[projects]]
  branch = "master"
  name = "github.com/yutopp/go-flv"
  packages = [".","tag"]
  revision = "ad3c32361ad14336ef85ebd80c7744fefde42683"

[solve-meta]
  analyzer-name = "dep"
  analyzer-version = 1
  inputs-digest = "0372f8a1d76906ed4c669cddc8132d3ff37e89a122648bd149f507e30998665f"
  solver-name = "gps-cdcl"
  solver-version = 1
